// !$*UTF8*$!
{
	archiveVersion = 1;
	classes = {
	};
	objectVersion = 48;
	objects = {

/* Begin PBXBuildFile section */
		722D2FF5442565F098EBFF0C /* libPods-TestDaily.a in Frameworks */ = {isa = PBXBuildFile; fileRef = 9207D68776A2BE28D6900CCC /* libPods-TestDaily.a */; };
		B42849A81F8F5BB900103BB3 /* AppDelegate.m in Sources */ = {isa = PBXBuildFile; fileRef = B42849A71F8F5BB900103BB3 /* AppDelegate.m */; };
		B42849AE1F8F5BB900103BB3 /* Main.storyboard in Resources */ = {isa = PBXBuildFile; fileRef = B42849AC1F8F5BB900103BB3 /* Main.storyboard */; };
		B42849B01F8F5BB900103BB3 /* Assets.xcassets in Resources */ = {isa = PBXBuildFile; fileRef = B42849AF1F8F5BB900103BB3 /* Assets.xcassets */; };
		B42849B31F8F5BB900103BB3 /* LaunchScreen.storyboard in Resources */ = {isa = PBXBuildFile; fileRef = B42849B11F8F5BB900103BB3 /* LaunchScreen.storyboard */; };
		B42849B61F8F5BB900103BB3 /* main.m in Sources */ = {isa = PBXBuildFile; fileRef = B42849B51F8F5BB900103BB3 /* main.m */; };
		B42849C01F8F5BBA00103BB3 /* TestDailyTests.m in Sources */ = {isa = PBXBuildFile; fileRef = B42849BF1F8F5BBA00103BB3 /* TestDailyTests.m */; };
		B42849CB1F8F5BBA00103BB3 /* TestDailyUITests.m in Sources */ = {isa = PBXBuildFile; fileRef = B42849CA1F8F5BBA00103BB3 /* TestDailyUITests.m */; };
		B42849DD1F8F5C3700103BB3 /* DDWechatViewController.m in Sources */ = {isa = PBXBuildFile; fileRef = B42849D81F8F5C3700103BB3 /* DDWechatViewController.m */; };
		B42849DE1F8F5C3700103BB3 /* DDConfig.m in Sources */ = {isa = PBXBuildFile; fileRef = B42849DB1F8F5C3700103BB3 /* DDConfig.m */; };
		B473A03E1F909EB30074805B /* DDHomePageViewController.m in Sources */ = {isa = PBXBuildFile; fileRef = B473A03D1F909EB30074805B /* DDHomePageViewController.m */; };
/* End PBXBuildFile section */

/* Begin PBXContainerItemProxy section */
		B42849BC1F8F5BBA00103BB3 /* PBXContainerItemProxy */ = {
			isa = PBXContainerItemProxy;
			containerPortal = B428499B1F8F5BB900103BB3 /* Project object */;
			proxyType = 1;
			remoteGlobalIDString = B42849A21F8F5BB900103BB3;
			remoteInfo = TestDaily;
		};
		B42849C71F8F5BBA00103BB3 /* PBXContainerItemProxy */ = {
			isa = PBXContainerItemProxy;
			containerPortal = B428499B1F8F5BB900103BB3 /* Project object */;
			proxyType = 1;
			remoteGlobalIDString = B42849A21F8F5BB900103BB3;
			remoteInfo = TestDaily;
		};
/* End PBXContainerItemProxy section */

/* Begin PBXFileReference section */
		9207D68776A2BE28D6900CCC /* libPods-TestDaily.a */ = {isa = PBXFileReference; explicitFileType = archive.ar; includeInIndex = 0; path = "libPods-TestDaily.a"; sourceTree = BUILT_PRODUCTS_DIR; };
		B42849A31F8F5BB900103BB3 /* TestDaily.app */ = {isa = PBXFileReference; explicitFileType = wrapper.application; includeInIndex = 0; path = TestDaily.app; sourceTree = BUILT_PRODUCTS_DIR; };
		B42849A61F8F5BB900103BB3 /* AppDelegate.h */ = {isa = PBXFileReference; lastKnownFileType = sourcecode.c.h; path = AppDelegate.h; sourceTree = "<group>"; };
		B42849A71F8F5BB900103BB3 /* AppDelegate.m */ = {isa = PBXFileReference; lastKnownFileType = sourcecode.c.objc; path = AppDelegate.m; sourceTree = "<group>"; };
		B42849AD1F8F5BB900103BB3 /* Base */ = {isa = PBXFileReference; lastKnownFileType = file.storyboard; name = Base; path = Base.lproj/Main.storyboard; sourceTree = "<group>"; };
		B42849AF1F8F5BB900103BB3 /* Assets.xcassets */ = {isa = PBXFileReference; lastKnownFileType = folder.assetcatalog; path = Assets.xcassets; sourceTree = "<group>"; };
		B42849B21F8F5BB900103BB3 /* Base */ = {isa = PBXFileReference; lastKnownFileType = file.storyboard; name = Base; path = Base.lproj/LaunchScreen.storyboard; sourceTree = "<group>"; };
		B42849B41F8F5BB900103BB3 /* Info.plist */ = {isa = PBXFileReference; lastKnownFileType = text.plist.xml; path = Info.plist; sourceTree = "<group>"; };
		B42849B51F8F5BB900103BB3 /* main.m */ = {isa = PBXFileReference; lastKnownFileType = sourcecode.c.objc; path = main.m; sourceTree = "<group>"; };
		B42849BB1F8F5BBA00103BB3 /* TestDailyTests.xctest */ = {isa = PBXFileReference; explicitFileType = wrapper.cfbundle; includeInIndex = 0; path = TestDailyTests.xctest; sourceTree = BUILT_PRODUCTS_DIR; };
		B42849BF1F8F5BBA00103BB3 /* TestDailyTests.m */ = {isa = PBXFileReference; lastKnownFileType = sourcecode.c.objc; path = TestDailyTests.m; sourceTree = "<group>"; };
		B42849C11F8F5BBA00103BB3 /* Info.plist */ = {isa = PBXFileReference; lastKnownFileType = text.plist.xml; path = Info.plist; sourceTree = "<group>"; };
		B42849C61F8F5BBA00103BB3 /* TestDailyUITests.xctest */ = {isa = PBXFileReference; explicitFileType = wrapper.cfbundle; includeInIndex = 0; path = TestDailyUITests.xctest; sourceTree = BUILT_PRODUCTS_DIR; };
		B42849CA1F8F5BBA00103BB3 /* TestDailyUITests.m */ = {isa = PBXFileReference; lastKnownFileType = sourcecode.c.objc; path = TestDailyUITests.m; sourceTree = "<group>"; };
		B42849CC1F8F5BBA00103BB3 /* Info.plist */ = {isa = PBXFileReference; lastKnownFileType = text.plist.xml; path = Info.plist; sourceTree = "<group>"; };
		B42849D81F8F5C3700103BB3 /* DDWechatViewController.m */ = {isa = PBXFileReference; lastKnownFileType = sourcecode.c.objc; path = DDWechatViewController.m; sourceTree = "<group>"; };
		B42849D91F8F5C3700103BB3 /* DDPrefixHeader.pch */ = {isa = PBXFileReference; lastKnownFileType = sourcecode.c.h; path = DDPrefixHeader.pch; sourceTree = "<group>"; };
		B42849DA1F8F5C3700103BB3 /* DDConfig.h */ = {isa = PBXFileReference; lastKnownFileType = sourcecode.c.h; path = DDConfig.h; sourceTree = "<group>"; };
		B42849DB1F8F5C3700103BB3 /* DDConfig.m */ = {isa = PBXFileReference; lastKnownFileType = sourcecode.c.objc; path = DDConfig.m; sourceTree = "<group>"; };
		B42849DC1F8F5C3700103BB3 /* DDWechatViewController.h */ = {isa = PBXFileReference; lastKnownFileType = sourcecode.c.h; path = DDWechatViewController.h; sourceTree = "<group>"; };
		B473A03C1F909EB30074805B /* DDHomePageViewController.h */ = {isa = PBXFileReference; lastKnownFileType = sourcecode.c.h; path = DDHomePageViewController.h; sourceTree = "<group>"; };
		B473A03D1F909EB30074805B /* DDHomePageViewController.m */ = {isa = PBXFileReference; lastKnownFileType = sourcecode.c.objc; path = DDHomePageViewController.m; sourceTree = "<group>"; };
		ED8C3786D71DA4B2E3DB84E8 /* Pods-TestDaily.debug.xcconfig */ = {isa = PBXFileReference; includeInIndex = 1; lastKnownFileType = text.xcconfig; name = "Pods-TestDaily.debug.xcconfig"; path = "Pods/Target Support Files/Pods-TestDaily/Pods-TestDaily.debug.xcconfig"; sourceTree = "<group>"; };
		F0C758A800141AE5B74C5682 /* Pods-TestDaily.release.xcconfig */ = {isa = PBXFileReference; includeInIndex = 1; lastKnownFileType = text.xcconfig; name = "Pods-TestDaily.release.xcconfig"; path = "Pods/Target Support Files/Pods-TestDaily/Pods-TestDaily.release.xcconfig"; sourceTree = "<group>"; };
/* End PBXFileReference section */

/* Begin PBXFrameworksBuildPhase section */
		B42849A01F8F5BB900103BB3 /* Frameworks */ = {
			isa = PBXFrameworksBuildPhase;
			buildActionMask = 2147483647;
			files = (
				722D2FF5442565F098EBFF0C /* libPods-TestDaily.a in Frameworks */,
			);
			runOnlyForDeploymentPostprocessing = 0;
		};
		B42849B81F8F5BBA00103BB3 /* Frameworks */ = {
			isa = PBXFrameworksBuildPhase;
			buildActionMask = 2147483647;
			files = (
			);
			runOnlyForDeploymentPostprocessing = 0;
		};
		B42849C31F8F5BBA00103BB3 /* Frameworks */ = {
			isa = PBXFrameworksBuildPhase;
			buildActionMask = 2147483647;
			files = (
			);
			runOnlyForDeploymentPostprocessing = 0;
		};
/* End PBXFrameworksBuildPhase section */

/* Begin PBXGroup section */
		0F4E5FE4C945572151E88868 /* Pods */ = {
			isa = PBXGroup;
			children = (
				ED8C3786D71DA4B2E3DB84E8 /* Pods-TestDaily.debug.xcconfig */,
				F0C758A800141AE5B74C5682 /* Pods-TestDaily.release.xcconfig */,
			);
			name = Pods;
			sourceTree = "<group>";
		};
		B428499A1F8F5BB900103BB3 = {
			isa = PBXGroup;
			children = (
				B42849A51F8F5BB900103BB3 /* TestDaily */,
				B42849BE1F8F5BBA00103BB3 /* TestDailyTests */,
				B42849C91F8F5BBA00103BB3 /* TestDailyUITests */,
				B42849A41F8F5BB900103BB3 /* Products */,
				0F4E5FE4C945572151E88868 /* Pods */,
				F0554E1539EE2EFF54A1E28E /* Frameworks */,
			);
			sourceTree = "<group>";
		};
		B42849A41F8F5BB900103BB3 /* Products */ = {
			isa = PBXGroup;
			children = (
				B42849A31F8F5BB900103BB3 /* TestDaily.app */,
				B42849BB1F8F5BBA00103BB3 /* TestDailyTests.xctest */,
				B42849C61F8F5BBA00103BB3 /* TestDailyUITests.xctest */,
			);
			name = Products;
			sourceTree = "<group>";
		};
		B42849A51F8F5BB900103BB3 /* TestDaily */ = {
			isa = PBXGroup;
			children = (
				B42849DA1F8F5C3700103BB3 /* DDConfig.h */,
				B42849DB1F8F5C3700103BB3 /* DDConfig.m */,
				B473A03B1F909E610074805B /* WeChat */,
				B42849D91F8F5C3700103BB3 /* DDPrefixHeader.pch */,
				B42849A61F8F5BB900103BB3 /* AppDelegate.h */,
				B42849A71F8F5BB900103BB3 /* AppDelegate.m */,
				B42849AC1F8F5BB900103BB3 /* Main.storyboard */,
				B42849AF1F8F5BB900103BB3 /* Assets.xcassets */,
				B42849B11F8F5BB900103BB3 /* LaunchScreen.storyboard */,
				B42849B41F8F5BB900103BB3 /* Info.plist */,
				B42849B51F8F5BB900103BB3 /* main.m */,
				B473A03C1F909EB30074805B /* DDHomePageViewController.h */,
				B473A03D1F909EB30074805B /* DDHomePageViewController.m */,
			);
			path = TestDaily;
			sourceTree = "<group>";
		};
		B42849BE1F8F5BBA00103BB3 /* TestDailyTests */ = {
			isa = PBXGroup;
			children = (
				B42849BF1F8F5BBA00103BB3 /* TestDailyTests.m */,
				B42849C11F8F5BBA00103BB3 /* Info.plist */,
			);
			path = TestDailyTests;
			sourceTree = "<group>";
		};
		B42849C91F8F5BBA00103BB3 /* TestDailyUITests */ = {
			isa = PBXGroup;
			children = (
				B42849CA1F8F5BBA00103BB3 /* TestDailyUITests.m */,
				B42849CC1F8F5BBA00103BB3 /* Info.plist */,
			);
			path = TestDailyUITests;
			sourceTree = "<group>";
		};
		B473A03B1F909E610074805B /* WeChat */ = {
			isa = PBXGroup;
			children = (
				B42849DC1F8F5C3700103BB3 /* DDWechatViewController.h */,
				B42849D81F8F5C3700103BB3 /* DDWechatViewController.m */,
			);
			path = WeChat;
			sourceTree = "<group>";
		};
		F0554E1539EE2EFF54A1E28E /* Frameworks */ = {
			isa = PBXGroup;
			children = (
				9207D68776A2BE28D6900CCC /* libPods-TestDaily.a */,
			);
			name = Frameworks;
			sourceTree = "<group>";
		};
/* End PBXGroup section */

/* Begin PBXNativeTarget section */
		B42849A21F8F5BB900103BB3 /* TestDaily */ = {
			isa = PBXNativeTarget;
			buildConfigurationList = B42849CF1F8F5BBA00103BB3 /* Build configuration list for PBXNativeTarget "TestDaily" */;
			buildPhases = (
				765B55C30124DCC445E79AC6 /* [CP] Check Pods Manifest.lock */,
				B428499F1F8F5BB900103BB3 /* Sources */,
				B42849A01F8F5BB900103BB3 /* Frameworks */,
				B42849A11F8F5BB900103BB3 /* Resources */,
				B4F8B99FA4334AE08AF0BA07 /* [CP] Embed Pods Frameworks */,
				81623AC4626AB8B36C374778 /* [CP] Copy Pods Resources */,
			);
			buildRules = (
			);
			dependencies = (
			);
			name = TestDaily;
			productName = TestDaily;
			productReference = B42849A31F8F5BB900103BB3 /* TestDaily.app */;
			productType = "com.apple.product-type.application";
		};
		B42849BA1F8F5BBA00103BB3 /* TestDailyTests */ = {
			isa = PBXNativeTarget;
			buildConfigurationList = B42849D21F8F5BBA00103BB3 /* Build configuration list for PBXNativeTarget "TestDailyTests" */;
			buildPhases = (
				B42849B71F8F5BBA00103BB3 /* Sources */,
				B42849B81F8F5BBA00103BB3 /* Frameworks */,
				B42849B91F8F5BBA00103BB3 /* Resources */,
			);
			buildRules = (
			);
			dependencies = (
				B42849BD1F8F5BBA00103BB3 /* PBXTargetDependency */,
			);
			name = TestDailyTests;
			productName = TestDailyTests;
			productReference = B42849BB1F8F5BBA00103BB3 /* TestDailyTests.xctest */;
			productType = "com.apple.product-type.bundle.unit-test";
		};
		B42849C51F8F5BBA00103BB3 /* TestDailyUITests */ = {
			isa = PBXNativeTarget;
			buildConfigurationList = B42849D51F8F5BBA00103BB3 /* Build configuration list for PBXNativeTarget "TestDailyUITests" */;
			buildPhases = (
				B42849C21F8F5BBA00103BB3 /* Sources */,
				B42849C31F8F5BBA00103BB3 /* Frameworks */,
				B42849C41F8F5BBA00103BB3 /* Resources */,
			);
			buildRules = (
			);
			dependencies = (
				B42849C81F8F5BBA00103BB3 /* PBXTargetDependency */,
			);
			name = TestDailyUITests;
			productName = TestDailyUITests;
			productReference = B42849C61F8F5BBA00103BB3 /* TestDailyUITests.xctest */;
			productType = "com.apple.product-type.bundle.ui-testing";
		};
/* End PBXNativeTarget section */

/* Begin PBXProject section */
		B428499B1F8F5BB900103BB3 /* Project object */ = {
			isa = PBXProject;
			attributes = {
				LastUpgradeCheck = 0900;
				ORGANIZATIONNAME = dengyuchi;
				TargetAttributes = {
					B42849A21F8F5BB900103BB3 = {
						CreatedOnToolsVersion = 9.0;
						ProvisioningStyle = Automatic;
					};
					B42849BA1F8F5BBA00103BB3 = {
						CreatedOnToolsVersion = 9.0;
						ProvisioningStyle = Automatic;
						TestTargetID = B42849A21F8F5BB900103BB3;
					};
					B42849C51F8F5BBA00103BB3 = {
						CreatedOnToolsVersion = 9.0;
						ProvisioningStyle = Automatic;
						TestTargetID = B42849A21F8F5BB900103BB3;
					};
				};
			};
			buildConfigurationList = B428499E1F8F5BB900103BB3 /* Build configuration list for PBXProject "TestDaily" */;
			compatibilityVersion = "Xcode 8.0";
			developmentRegion = en;
			hasScannedForEncodings = 0;
			knownRegions = (
				en,
				Base,
			);
			mainGroup = B428499A1F8F5BB900103BB3;
			productRefGroup = B42849A41F8F5BB900103BB3 /* Products */;
			projectDirPath = "";
			projectRoot = "";
			targets = (
				B42849A21F8F5BB900103BB3 /* TestDaily */,
				B42849BA1F8F5BBA00103BB3 /* TestDailyTests */,
				B42849C51F8F5BBA00103BB3 /* TestDailyUITests */,
			);
		};
/* End PBXProject section */

/* Begin PBXResourcesBuildPhase section */
		B42849A11F8F5BB900103BB3 /* Resources */ = {
			isa = PBXResourcesBuildPhase;
			buildActionMask = 2147483647;
			files = (
				B42849B31F8F5BB900103BB3 /* LaunchScreen.storyboard in Resources */,
				B42849B01F8F5BB900103BB3 /* Assets.xcassets in Resources */,
				B42849AE1F8F5BB900103BB3 /* Main.storyboard in Resources */,
			);
			runOnlyForDeploymentPostprocessing = 0;
		};
		B42849B91F8F5BBA00103BB3 /* Resources */ = {
			isa = PBXResourcesBuildPhase;
			buildActionMask = 2147483647;
			files = (
			);
			runOnlyForDeploymentPostprocessing = 0;
		};
		B42849C41F8F5BBA00103BB3 /* Resources */ = {
			isa = PBXResourcesBuildPhase;
			buildActionMask = 2147483647;
			files = (
			);
			runOnlyForDeploymentPostprocessing = 0;
		};
/* End PBXResourcesBuildPhase section */

/* Begin PBXShellScriptBuildPhase section */
		765B55C30124DCC445E79AC6 /* [CP] Check Pods Manifest.lock */ = {
			isa = PBXShellScriptBuildPhase;
			buildActionMask = 2147483647;
			files = (
			);
			inputPaths = (
			);
			name = "[CP] Check Pods Manifest.lock";
			outputPaths = (
			);
			runOnlyForDeploymentPostprocessing = 0;
			shellPath = /bin/sh;
			shellScript = "diff \"${PODS_PODFILE_DIR_PATH}/Podfile.lock\" \"${PODS_ROOT}/Manifest.lock\" > /dev/null\nif [ $? != 0 ] ; then\n    # print error to STDERR\n    echo \"error: The sandbox is not in sync with the Podfile.lock. Run 'pod install' or update your CocoaPods installation.\" >&2\n    exit 1\nfi\n";
			showEnvVarsInLog = 0;
		};
		81623AC4626AB8B36C374778 /* [CP] Copy Pods Resources */ = {
			isa = PBXShellScriptBuildPhase;
			buildActionMask = 2147483647;
			files = (
			);
			inputPaths = (
			);
			name = "[CP] Copy Pods Resources";
			outputPaths = (
			);
			runOnlyForDeploymentPostprocessing = 0;
			shellPath = /bin/sh;
			shellScript = "\"${SRCROOT}/Pods/Target Support Files/Pods-TestDaily/Pods-TestDaily-resources.sh\"\n";
			showEnvVarsInLog = 0;
		};
		B4F8B99FA4334AE08AF0BA07 /* [CP] Embed Pods Frameworks */ = {
			isa = PBXShellScriptBuildPhase;
			buildActionMask = 2147483647;
			files = (
			);
			inputPaths = (
			);
			name = "[CP] Embed Pods Frameworks";
			outputPaths = (
			);
			runOnlyForDeploymentPostprocessing = 0;
			shellPath = /bin/sh;
			shellScript = "\"${SRCROOT}/Pods/Target Support Files/Pods-TestDaily/Pods-TestDaily-frameworks.sh\"\n";
			showEnvVarsInLog = 0;
		};
/* End PBXShellScriptBuildPhase section */

/* Begin PBXSourcesBuildPhase section */
		B428499F1F8F5BB900103BB3 /* Sources */ = {
			isa = PBXSourcesBuildPhase;
			buildActionMask = 2147483647;
			files = (
				B42849DD1F8F5C3700103BB3 /* DDWechatViewController.m in Sources */,
				B473A03E1F909EB30074805B /* DDHomePageViewController.m in Sources */,
				B42849B61F8F5BB900103BB3 /* main.m in Sources */,
				B42849A81F8F5BB900103BB3 /* AppDelegate.m in Sources */,
				B42849DE1F8F5C3700103BB3 /* DDConfig.m in Sources */,
			);
			runOnlyForDeploymentPostprocessing = 0;
		};
		B42849B71F8F5BBA00103BB3 /* Sources */ = {
			isa = PBXSourcesBuildPhase;
			buildActionMask = 2147483647;
			files = (
				B42849C01F8F5BBA00103BB3 /* TestDailyTests.m in Sources */,
			);
			runOnlyForDeploymentPostprocessing = 0;
		};
		B42849C21F8F5BBA00103BB3 /* Sources */ = {
			isa = PBXSourcesBuildPhase;
			buildActionMask = 2147483647;
			files = (
				B42849CB1F8F5BBA00103BB3 /* TestDailyUITests.m in Sources */,
			);
			runOnlyForDeploymentPostprocessing = 0;
		};
/* End PBXSourcesBuildPhase section */

/* Begin PBXTargetDependency section */
		B42849BD1F8F5BBA00103BB3 /* PBXTargetDependency */ = {
			isa = PBXTargetDependency;
			target = B42849A21F8F5BB900103BB3 /* TestDaily */;
			targetProxy = B42849BC1F8F5BBA00103BB3 /* PBXContainerItemProxy */;
		};
		B42849C81F8F5BBA00103BB3 /* PBXTargetDependency */ = {
			isa = PBXTargetDependency;
			target = B42849A21F8F5BB900103BB3 /* TestDaily */;
			targetProxy = B42849C71F8F5BBA00103BB3 /* PBXContainerItemProxy */;
		};
/* End PBXTargetDependency section */

/* Begin PBXVariantGroup section */
		B42849AC1F8F5BB900103BB3 /* Main.storyboard */ = {
			isa = PBXVariantGroup;
			children = (
				B42849AD1F8F5BB900103BB3 /* Base */,
			);
			name = Main.storyboard;
			sourceTree = "<group>";
		};
		B42849B11F8F5BB900103BB3 /* LaunchScreen.storyboard */ = {
			isa = PBXVariantGroup;
			children = (
				B42849B21F8F5BB900103BB3 /* Base */,
			);
			name = LaunchScreen.storyboard;
			sourceTree = "<group>";
		};
/* End PBXVariantGroup section */

/* Begin XCBuildConfiguration section */
		B42849CD1F8F5BBA00103BB3 /* Debug */ = {
			isa = XCBuildConfiguration;
			buildSettings = {
				ALWAYS_SEARCH_USER_PATHS = NO;
				CLANG_ANALYZER_NONNULL = YES;
				CLANG_ANALYZER_NUMBER_OBJECT_CONVERSION = YES_AGGRESSIVE;
				CLANG_CXX_LANGUAGE_STANDARD = "gnu++14";
				CLANG_CXX_LIBRARY = "libc++";
				CLANG_ENABLE_MODULES = YES;
				CLANG_ENABLE_OBJC_ARC = YES;
				CLANG_WARN_BLOCK_CAPTURE_AUTORELEASING = YES;
				CLANG_WARN_BOOL_CONVERSION = YES;
				CLANG_WARN_COMMA = YES;
				CLANG_WARN_CONSTANT_CONVERSION = YES;
				CLANG_WARN_DIRECT_OBJC_ISA_USAGE = YES_ERROR;
				CLANG_WARN_DOCUMENTATION_COMMENTS = YES;
				CLANG_WARN_EMPTY_BODY = YES;
				CLANG_WARN_ENUM_CONVERSION = YES;
				CLANG_WARN_INFINITE_RECURSION = YES;
				CLANG_WARN_INT_CONVERSION = YES;
				CLANG_WARN_NON_LITERAL_NULL_CONVERSION = YES;
				CLANG_WARN_OBJC_LITERAL_CONVERSION = YES;
				CLANG_WARN_OBJC_ROOT_CLASS = YES_ERROR;
				CLANG_WARN_RANGE_LOOP_ANALYSIS = YES;
				CLANG_WARN_STRICT_PROTOTYPES = YES;
				CLANG_WARN_SUSPICIOUS_MOVE = YES;
				CLANG_WARN_UNGUARDED_AVAILABILITY = YES_AGGRESSIVE;
				CLANG_WARN_UNREACHABLE_CODE = YES;
				CLANG_WARN__DUPLICATE_METHOD_MATCH = YES;
				CODE_SIGN_IDENTITY = "iPhone Developer";
				COPY_PHASE_STRIP = NO;
				DEBUG_INFORMATION_FORMAT = dwarf;
				ENABLE_STRICT_OBJC_MSGSEND = YES;
				ENABLE_TESTABILITY = YES;
				GCC_C_LANGUAGE_STANDARD = gnu11;
				GCC_DYNAMIC_NO_PIC = NO;
				GCC_NO_COMMON_BLOCKS = YES;
				GCC_OPTIMIZATION_LEVEL = 0;
				GCC_PREPROCESSOR_DEFINITIONS = (
					"DEBUG=1",
					"$(inherited)",
				);
				GCC_WARN_64_TO_32_BIT_CONVERSION = YES;
				GCC_WARN_ABOUT_RETURN_TYPE = YES_ERROR;
				GCC_WARN_UNDECLARED_SELECTOR = YES;
				GCC_WARN_UNINITIALIZED_AUTOS = YES_AGGRESSIVE;
				GCC_WARN_UNUSED_FUNCTION = YES;
				GCC_WARN_UNUSED_VARIABLE = YES;
				IPHONEOS_DEPLOYMENT_TARGET = 11.0;
				MTL_ENABLE_DEBUG_INFO = YES;
				ONLY_ACTIVE_ARCH = YES;
				SDKROOT = iphoneos;
			};
			name = Debug;
		};
		B42849CE1F8F5BBA00103BB3 /* Release */ = {
			isa = XCBuildConfiguration;
			buildSettings = {
				ALWAYS_SEARCH_USER_PATHS = NO;
				CLANG_ANALYZER_NONNULL = YES;
				CLANG_ANALYZER_NUMBER_OBJECT_CONVERSION = YES_AGGRESSIVE;
				CLANG_CXX_LANGUAGE_STANDARD = "gnu++14";
				CLANG_CXX_LIBRARY = "libc++";
				CLANG_ENABLE_MODULES = YES;
				CLANG_ENABLE_OBJC_ARC = YES;
				CLANG_WARN_BLOCK_CAPTURE_AUTORELEASING = YES;
				CLANG_WARN_BOOL_CONVERSION = YES;
				CLANG_WARN_COMMA = YES;
				CLANG_WARN_CONSTANT_CONVERSION = YES;
				CLANG_WARN_DIRECT_OBJC_ISA_USAGE = YES_ERROR;
				CLANG_WARN_DOCUMENTATION_COMMENTS = YES;
				CLANG_WARN_EMPTY_BODY = YES;
				CLANG_WARN_ENUM_CONVERSION = YES;
				CLANG_WARN_INFINITE_RECURSION = YES;
				CLANG_WARN_INT_CONVERSION = YES;
				CLANG_WARN_NON_LITERAL_NULL_CONVERSION = YES;
				CLANG_WARN_OBJC_LITERAL_CONVERSION = YES;
				CLANG_WARN_OBJC_ROOT_CLASS = YES_ERROR;
				CLANG_WARN_RANGE_LOOP_ANALYSIS = YES;
				CLANG_WARN_STRICT_PROTOTYPES = YES;
				CLANG_WARN_SUSPICIOUS_MOVE = YES;
				CLANG_WARN_UNGUARDED_AVAILABILITY = YES_AGGRESSIVE;
				CLANG_WARN_UNREACHABLE_CODE = YES;
				CLANG_WARN__DUPLICATE_METHOD_MATCH = YES;
				CODE_SIGN_IDENTITY = "iPhone Developer";
				COPY_PHASE_STRIP = NO;
				DEBUG_INFORMATION_FORMAT = "dwarf-with-dsym";
				ENABLE_NS_ASSERTIONS = NO;
				ENABLE_STRICT_OBJC_MSGSEND = YES;
				GCC_C_LANGUAGE_STANDARD = gnu11;
				GCC_NO_COMMON_BLOCKS = YES;
				GCC_WARN_64_TO_32_BIT_CONVERSION = YES;
				GCC_WARN_ABOUT_RETURN_TYPE = YES_ERROR;
				GCC_WARN_UNDECLARED_SELECTOR = YES;
				GCC_WARN_UNINITIALIZED_AUTOS = YES_AGGRESSIVE;
				GCC_WARN_UNUSED_FUNCTION = YES;
				GCC_WARN_UNUSED_VARIABLE = YES;
				IPHONEOS_DEPLOYMENT_TARGET = 11.0;
				MTL_ENABLE_DEBUG_INFO = NO;
				SDKROOT = iphoneos;
				VALIDATE_PRODUCT = YES;
			};
			name = Release;
		};
		B42849D01F8F5BBA00103BB3 /* Debug */ = {
			isa = XCBuildConfiguration;
			baseConfigurationReference = ED8C3786D71DA4B2E3DB84E8 /* Pods-TestDaily.debug.xcconfig */;
			buildSettings = {
				ASSETCATALOG_COMPILER_APPICON_NAME = AppIcon;
				CODE_SIGN_STYLE = Automatic;
				DEVELOPMENT_TEAM = U3JF966VE5;
				GCC_PREFIX_HEADER = "$(SRCROOT)/TestDaily/DDPrefixHeader.pch";
				INFOPLIST_FILE = TestDaily/Info.plist;
				LD_RUNPATH_SEARCH_PATHS = "$(inherited) @executable_path/Frameworks";
				PRODUCT_BUNDLE_IDENTIFIER = com.dengyuchi.TestDaily;
				PRODUCT_NAME = "$(TARGET_NAME)";
				TARGETED_DEVICE_FAMILY = "1,2";
			};
			name = Debug;
		};
		B42849D11F8F5BBA00103BB3 /* Release */ = {
			isa = XCBuildConfiguration;
			baseConfigurationReference = F0C758A800141AE5B74C5682 /* Pods-TestDaily.release.xcconfig */;
			buildSettings = {
				ASSETCATALOG_COMPILER_APPICON_NAME = AppIcon;
				CODE_SIGN_STYLE = Automatic;
				DEVELOPMENT_TEAM = U3JF966VE5;
				GCC_PREFIX_HEADER = "$(SRCROOT)/TestDaily/DDPrefixHeader.pch";
				INFOPLIST_FILE = TestDaily/Info.plist;
				LD_RUNPATH_SEARCH_PATHS = "$(inherited) @executable_path/Frameworks";
				PRODUCT_BUNDLE_IDENTIFIER = com.dengyuchi.TestDaily;
				PRODUCT_NAME = "$(TARGET_NAME)";
				TARGETED_DEVICE_FAMILY = "1,2";
			};
			name = Release;
		};
		B42849D31F8F5BBA00103BB3 /* Debug */ = {
			isa = XCBuildConfiguration;
			buildSettings = {
				BUNDLE_LOADER = "$(TEST_HOST)";
				CODE_SIGN_STYLE = Automatic;
				DEVELOPMENT_TEAM = U3JF966VE5;
				INFOPLIST_FILE = TestDailyTests/Info.plist;
				LD_RUNPATH_SEARCH_PATHS = "$(inherited) @executable_path/Frameworks @loader_path/Frameworks";
				PRODUCT_BUNDLE_IDENTIFIER = com.huaat.TestDailyTests;
				PRODUCT_NAME = "$(TARGET_NAME)";
				TARGETED_DEVICE_FAMILY = "1,2";
				TEST_HOST = "$(BUILT_PRODUCTS_DIR)/TestDaily.app/TestDaily";
			};
			name = Debug;
		};
		B42849D41F8F5BBA00103BB3 /* Release */ = {
			isa = XCBuildConfiguration;
			buildSettings = {
				BUNDLE_LOADER = "$(TEST_HOST)";
				CODE_SIGN_STYLE = Automatic;
				DEVELOPMENT_TEAM = U3JF966VE5;
				INFOPLIST_FILE = TestDailyTests/Info.plist;
				LD_RUNPATH_SEARCH_PATHS = "$(inherited) @executable_path/Frameworks @loader_path/Frameworks";
				PRODUCT_BUNDLE_IDENTIFIER = com.huaat.TestDailyTests;
				PRODUCT_NAME = "$(TARGET_NAME)";
				TARGETED_DEVICE_FAMILY = "1,2";
				TEST_HOST = "$(BUILT_PRODUCTS_DIR)/TestDaily.app/TestDaily";
			};
			name = Release;
		};
		B42849D61F8F5BBA00103BB3 /* Debug */ = {
			isa = XCBuildConfiguration;
			buildSettings = {
				CODE_SIGN_STYLE = Automatic;
				DEVELOPMENT_TEAM = U3JF966VE5;
				INFOPLIST_FILE = TestDailyUITests/Info.plist;
				LD_RUNPATH_SEARCH_PATHS = "$(inherited) @executable_path/Frameworks @loader_path/Frameworks";
				PRODUCT_BUNDLE_IDENTIFIER = com.huaat.TestDailyUITests;
				PRODUCT_NAME = "$(TARGET_NAME)";
				TARGETED_DEVICE_FAMILY = "1,2";
				TEST_TARGET_NAME = TestDaily;
			};
			name = Debug;
		};
		B42849D71F8F5BBA00103BB3 /* Release */ = {
			isa = XCBuildConfiguration;
			buildSettings = {
				CODE_SIGN_STYLE = Automatic;
				DEVELOPMENT_TEAM = U3JF966VE5;
				INFOPLIST_FILE = TestDailyUITests/Info.plist;
				LD_RUNPATH_SEARCH_PATHS = "$(inherited) @executable_path/Frameworks @loader_path/Frameworks";
				PRODUCT_BUNDLE_IDENTIFIER = com.huaat.TestDailyUITests;
				PRODUCT_NAME = "$(TARGET_NAME)";
				TARGETED_DEVICE_FAMILY = "1,2";
				TEST_TARGET_NAME = TestDaily;
			};
			name = Release;
		};
/* End XCBuildConfiguration section */

/* Begin XCConfigurationList section */
		B428499E1F8F5BB900103BB3 /* Build configuration list for PBXProject "TestDaily" */ = {
			isa = XCConfigurationList;
			buildConfigurations = (
				B42849CD1F8F5BBA00103BB3 /* Debug */,
				B42849CE1F8F5BBA00103BB3 /* Release */,
			);
			defaultConfigurationIsVisible = 0;
			defaultConfigurationName = Release;
		};
		B42849CF1F8F5BBA00103BB3 /* Build configuration list for PBXNativeTarget "TestDaily" */ = {
			isa = XCConfigurationList;
			buildConfigurations = (
				B42849D01F8F5BBA00103BB3 /* Debug */,
				B42849D11F8F5BBA00103BB3 /* Release */,
			);
			defaultConfigurationIsVisible = 0;
			defaultConfigurationName = Release;
		};
		B42849D21F8F5BBA00103BB3 /* Build configuration list for PBXNativeTarget "TestDailyTests" */ = {
			isa = XCConfigurationList;
			buildConfigurations = (
				B42849D31F8F5BBA00103BB3 /* Debug */,
				B42849D41F8F5BBA00103BB3 /* Release */,
			);
			defaultConfigurationIsVisible = 0;
			defaultConfigurationName = Release;
		};
		B42849D51F8F5BBA00103BB3 /* Build configuration list for PBXNativeTarget "TestDailyUITests" */ = {
			isa = XCConfigurationList;
			buildConfigurations = (
				B42849D61F8F5BBA00103BB3 /* Debug */,
				B42849D71F8F5BBA00103BB3 /* Release */,
			);
			defaultConfigurationIsVisible = 0;
			defaultConfigurationName = Release;
		};
/* End XCConfigurationList section */
	};
	rootObject = B428499B1F8F5BB900103BB3 /* Project object */;
}
